
Microsoft Visual Studio Solution File, Format Version 12.00
# Visual Studio 15
VisualStudioVersion = 15.0.28307.1259
MinimumVisualStudioVersion = 10.0.40219.1
Project("{8BC9CEB8-8B4A-11D0-8D11-00A0C91BC942}") = "6-2", "6-2\6-2.vcxproj", "{76E9F2C1-F1E7-4F6B-9DBE-6EB01DCBE19B}"
EndProject
Global
	GlobalSection(SolutionConfigurationPlatforms) = preSolution
		Debug|x64 = Debug|x64
		Debug|x86 = Debug|x86
		Release|x64 = Release|x64
		Release|x86 = Release|x86
	EndGlobalSection
	GlobalSection(ProjectConfigurationPlatforms) = postSolution
		{76E9F2C1-F1E7-4F6B-9DBE-6EB01DCBE19B}.Debug|x64.ActiveCfg = Debug|x64
		{76E9F2C1-F1E7-4F6B-9DBE-6EB01DCBE19B}.Debug|x64.Build.0 = Debug|x64
		{76E9F2C1-F1E7-4F6B-9DBE-6EB01DCBE19B}.Debug|x86.ActiveCfg = Debug|Win32
		{76E9F2C1-F1E7-4F6B-9DBE-6EB01DCBE19B}.Debug|x86.Build.0 = Debug|Win32
		{76E9F2C1-F1E7-4F6B-9DBE-6EB01DCBE19B}.Release|x64.ActiveCfg = Release|x64
		{76E9F2C1-F1E7-4F6B-9DBE-6EB01DCBE19B}.Release|x64.Build.0 = Release|x64
		{76E9F2C1-F1E7-4F6B-9DBE-6EB01DCBE19B}.Release|x86.ActiveCfg = Release|Win32
		{76E9F2C1-F1E7-4F6B-9DBE-6EB01DCBE19B}.Release|x86.Build.0 = Release|Win32
	EndGlobalSection
	GlobalSection(SolutionProperties) = preSolution
		HideSolutionNode = FALSE
	EndGlobalSection
	GlobalSection(ExtensibilityGlobals) = postSolution
		SolutionGuid = {5623BBF3-4A57-4865-832C-3CC48B6CD837}
	EndGlobalSection
EndGlobal
